
Microsoft Visual Studio Solution File, Format Version 12.00
# Visual Studio 15
VisualStudioVersion = 15.0.28307.1340
MinimumVisualStudioVersion = 10.0.40219.1
Project("{FAE04EC0-301F-11D3-BF4B-00C04F79EFBC}") = "Sales.Web", "Sales.Web\Sales.Web.csproj", "{F5746F30-A066-4CA6-A7AC-8002AA338312}"
EndProject
Global
	GlobalSection(SolutionConfigurationPlatforms) = preSolution
		Debug|Any CPU = Debug|Any CPU
		Release|Any CPU = Release|Any CPU
	EndGlobalSection
	GlobalSection(ProjectConfigurationPlatforms) = postSolution
		{F5746F30-A066-4CA6-A7AC-8002AA338312}.Debug|Any CPU.ActiveCfg = Debug|Any CPU
		{F5746F30-A066-4CA6-A7AC-8002AA338312}.Debug|Any CPU.Build.0 = Debug|Any CPU
		{F5746F30-A066-4CA6-A7AC-8002AA338312}.Release|Any CPU.ActiveCfg = Release|Any CPU
		{F5746F30-A066-4CA6-A7AC-8002AA338312}.Release|Any CPU.Build.0 = Release|Any CPU
	EndGlobalSection
	GlobalSection(SolutionProperties) = preSolution
		HideSolutionNode = FALSE
	EndGlobalSection
	GlobalSection(ExtensibilityGlobals) = postSolution
		SolutionGuid = {7E40D695-B07D-41D9-8367-67510FA214B3}
	EndGlobalSection
EndGlobal
